
Microsoft Visual Studio Solution File, Format Version 12.00
# Visual Studio Version 17
VisualStudioVersion = 17.8.34601.278
MinimumVisualStudioVersion = 10.0.40219.1
Project("{FAE04EC0-301F-11D3-BF4B-00C04F79EFBC}") = "LiveSim.Api", "LiveSim.Api\LiveSim.Api.csproj", "{5F2F50EE-67D7-4AD0-9035-15B25D3B2C26}"
EndProject
Project("{FAE04EC0-301F-11D3-BF4B-00C04F79EFBC}") = "LiveSim.Core", "LiveSim.Core\LiveSim.Core.csproj", "{A85BD49A-9A22-45F4-A3C9-5F9A13F47063}"
EndProject
Project("{FAE04EC0-301F-11D3-BF4B-00C04F79EFBC}") = "LiveSim.Data", "LiveSim.Data\LiveSim.Data.csproj", "{F880648A-019C-4D63-ACDB-7FCDEB891A7E}"
EndProject
Global
	GlobalSection(SolutionConfigurationPlatforms) = preSolution
		Debug|Any CPU = Debug|Any CPU
		Release|Any CPU = Release|Any CPU
	EndGlobalSection
	GlobalSection(ProjectConfigurationPlatforms) = postSolution
		{5F2F50EE-67D7-4AD0-9035-15B25D3B2C26}.Debug|Any CPU.ActiveCfg = Debug|Any CPU
		{5F2F50EE-67D7-4AD0-9035-15B25D3B2C26}.Debug|Any CPU.Build.0 = Debug|Any CPU
		{5F2F50EE-67D7-4AD0-9035-15B25D3B2C26}.Release|Any CPU.ActiveCfg = Release|Any CPU
		{5F2F50EE-67D7-4AD0-9035-15B25D3B2C26}.Release|Any CPU.Build.0 = Release|Any CPU
		{A85BD49A-9A22-45F4-A3C9-5F9A13F47063}.Debug|Any CPU.ActiveCfg = Debug|Any CPU
		{A85BD49A-9A22-45F4-A3C9-5F9A13F47063}.Debug|Any CPU.Build.0 = Debug|Any CPU
		{A85BD49A-9A22-45F4-A3C9-5F9A13F47063}.Release|Any CPU.ActiveCfg = Release|Any CPU
		{A85BD49A-9A22-45F4-A3C9-5F9A13F47063}.Release|Any CPU.Build.0 = Release|Any CPU
		{F880648A-019C-4D63-ACDB-7FCDEB891A7E}.Debug|Any CPU.ActiveCfg = Debug|Any CPU
		{F880648A-019C-4D63-ACDB-7FCDEB891A7E}.Debug|Any CPU.Build.0 = Debug|Any CPU
		{F880648A-019C-4D63-ACDB-7FCDEB891A7E}.Release|Any CPU.ActiveCfg = Release|Any CPU
		{F880648A-019C-4D63-ACDB-7FCDEB891A7E}.Release|Any CPU.Build.0 = Release|Any CPU
	EndGlobalSection
	GlobalSection(SolutionProperties) = preSolution
		HideSolutionNode = FALSE
	EndGlobalSection
	GlobalSection(ExtensibilityGlobals) = postSolution
		SolutionGuid = {C7C90870-3983-48F2-B4CC-DAF1B9B218C3}
	EndGlobalSection
EndGlobal
